
Microsoft Visual Studio Solution File, Format Version 12.00
# Visual Studio Version 17
VisualStudioVersion = 17.11.35222.181
MinimumVisualStudioVersion = 10.0.40219.1
Project("{FAE04EC0-301F-11D3-BF4B-00C04F79EFBC}") = "testing", "testing\testing.csproj", "{924166CE-B549-4033-B009-81DFAFBF729B}"
EndProject
Global
	GlobalSection(SolutionConfigurationPlatforms) = preSolution
		Debug|Any CPU = Debug|Any CPU
		Release|Any CPU = Release|Any CPU
	EndGlobalSection
	GlobalSection(ProjectConfigurationPlatforms) = postSolution
		{924166CE-B549-4033-B009-81DFAFBF729B}.Debug|Any CPU.ActiveCfg = Debug|Any CPU
		{924166CE-B549-4033-B009-81DFAFBF729B}.Debug|Any CPU.Build.0 = Debug|Any CPU
		{924166CE-B549-4033-B009-81DFAFBF729B}.Release|Any CPU.ActiveCfg = Release|Any CPU
		{924166CE-B549-4033-B009-81DFAFBF729B}.Release|Any CPU.Build.0 = Release|Any CPU
	EndGlobalSection
	GlobalSection(SolutionProperties) = preSolution
		HideSolutionNode = FALSE
	EndGlobalSection
	GlobalSection(ExtensibilityGlobals) = postSolution
		SolutionGuid = {42D73855-B230-465D-854C-A360B3F55A0C}
	EndGlobalSection
EndGlobal
